schema: '2.0'
stages:
  train:
    cmd: python src/pet_care_model.py
    deps:
    - path: ds
      hash: md5
      md5: 884b9a404e0954f1592a23ca797dcee0.dir
      size: 229065939
      nfiles: 10019
    - path: params.yaml
      hash: md5
      md5: 3628e8497c727d16a7fedeaaaa2946d2
      size: 128
    - path: src
      hash: md5
      md5: 587e682dd54e9dc2c6c2c0859122d72e.dir
      size: 3389
      nfiles: 1
