schema: '2.0'
stages:
  train:
    cmd: python src/pet_care_model.py
    deps:
    - path: ds
      hash: md5
      md5: 1f79ae327e94037f1ffbc527248532fd.dir
      size: 69859019
      nfiles: 3019
    - path: params.yaml
      hash: md5
      md5: 7f78dec7c75488ea3cf850e49288efe2
      size: 122
    - path: src
      hash: md5
      md5: 56505e6db1498c88f2d81da24d100147.dir
      size: 3273
      nfiles: 1
